// !$*UTF8*$!
{
	archiveVersion = 1;
	classes = {
	};
	objectVersion = 56;
	objects = {

/* Begin PBXBuildFile section */
		1624AEDF2B7D5E40003E4263 /* MyBeerApp.swift in Sources */ = {isa = PBXBuildFile; fileRef = 1624AEDE2B7D5E40003E4263 /* MyBeerApp.swift */; };
		1624AEE12B7D5E40003E4263 /* ContentView.swift in Sources */ = {isa = PBXBuildFile; fileRef = 1624AEE02B7D5E40003E4263 /* ContentView.swift */; };
		1624AEE32B7D5E41003E4263 /* Assets.xcassets in Resources */ = {isa = PBXBuildFile; fileRef = 1624AEE22B7D5E41003E4263 /* Assets.xcassets */; };
		1624AEE62B7D5E41003E4263 /* Preview Assets.xcassets in Resources */ = {isa = PBXBuildFile; fileRef = 1624AEE52B7D5E41003E4263 /* Preview Assets.xcassets */; };
		1624AEEE2B7D60E1003E4263 /* BeerList.swift in Sources */ = {isa = PBXBuildFile; fileRef = 1624AEED2B7D60E1003E4263 /* BeerList.swift */; };
		1624AEF12B7D6183003E4263 /* BeerModel.swift in Sources */ = {isa = PBXBuildFile; fileRef = 1624AEF02B7D6183003E4263 /* BeerModel.swift */; };
		1624AEF32B7D670B003E4263 /* BeerCard.swift in Sources */ = {isa = PBXBuildFile; fileRef = 1624AEF22B7D670B003E4263 /* BeerCard.swift */; };
		1624AEF62B7D78BB003E4263 /* BeerDetails.swift in Sources */ = {isa = PBXBuildFile; fileRef = 1624AEF52B7D78BB003E4263 /* BeerDetails.swift */; };
		16A4C6FD2B7E4D8D00DD2260 /* Tab.swift in Sources */ = {isa = PBXBuildFile; fileRef = 16A4C6FC2B7E4D8D00DD2260 /* Tab.swift */; };
		16A4C6FF2B7E4DF900DD2260 /* Favoritos.swift in Sources */ = {isa = PBXBuildFile; fileRef = 16A4C6FE2B7E4DF900DD2260 /* Favoritos.swift */; };
		16A4C7012B7E4E0A00DD2260 /* Search.swift in Sources */ = {isa = PBXBuildFile; fileRef = 16A4C7002B7E4E0A00DD2260 /* Search.swift */; };
		16A4C7032B7E511200DD2260 /* FavoritesViewModel.swift in Sources */ = {isa = PBXBuildFile; fileRef = 16A4C7022B7E511200DD2260 /* FavoritesViewModel.swift */; };
/* End PBXBuildFile section */

/* Begin PBXFileReference section */
		1624AEDB2B7D5E40003E4263 /* MyBeer.app */ = {isa = PBXFileReference; explicitFileType = wrapper.application; includeInIndex = 0; path = MyBeer.app; sourceTree = BUILT_PRODUCTS_DIR; };
		1624AEDE2B7D5E40003E4263 /* MyBeerApp.swift */ = {isa = PBXFileReference; lastKnownFileType = sourcecode.swift; path = MyBeerApp.swift; sourceTree = "<group>"; };
		1624AEE02B7D5E40003E4263 /* ContentView.swift */ = {isa = PBXFileReference; lastKnownFileType = sourcecode.swift; path = ContentView.swift; sourceTree = "<group>"; };
		1624AEE22B7D5E41003E4263 /* Assets.xcassets */ = {isa = PBXFileReference; lastKnownFileType = folder.assetcatalog; path = Assets.xcassets; sourceTree = "<group>"; };
		1624AEE52B7D5E41003E4263 /* Preview Assets.xcassets */ = {isa = PBXFileReference; lastKnownFileType = folder.assetcatalog; path = "Preview Assets.xcassets"; sourceTree = "<group>"; };
		1624AEED2B7D60E1003E4263 /* BeerList.swift */ = {isa = PBXFileReference; lastKnownFileType = sourcecode.swift; path = BeerList.swift; sourceTree = "<group>"; };
		1624AEF02B7D6183003E4263 /* BeerModel.swift */ = {isa = PBXFileReference; lastKnownFileType = sourcecode.swift; path = BeerModel.swift; sourceTree = "<group>"; };
		1624AEF22B7D670B003E4263 /* BeerCard.swift */ = {isa = PBXFileReference; lastKnownFileType = sourcecode.swift; path = BeerCard.swift; sourceTree = "<group>"; };
		1624AEF42B7D6B27003E4263 /* Info.plist */ = {isa = PBXFileReference; lastKnownFileType = text.plist; path = Info.plist; sourceTree = "<group>"; };
		1624AEF52B7D78BB003E4263 /* BeerDetails.swift */ = {isa = PBXFileReference; lastKnownFileType = sourcecode.swift; path = BeerDetails.swift; sourceTree = "<group>"; };
		16A4C6FC2B7E4D8D00DD2260 /* Tab.swift */ = {isa = PBXFileReference; lastKnownFileType = sourcecode.swift; path = Tab.swift; sourceTree = "<group>"; };
		16A4C6FE2B7E4DF900DD2260 /* Favoritos.swift */ = {isa = PBXFileReference; lastKnownFileType = sourcecode.swift; path = Favoritos.swift; sourceTree = "<group>"; };
		16A4C7002B7E4E0A00DD2260 /* Search.swift */ = {isa = PBXFileReference; lastKnownFileType = sourcecode.swift; path = Search.swift; sourceTree = "<group>"; };
		16A4C7022B7E511200DD2260 /* FavoritesViewModel.swift */ = {isa = PBXFileReference; lastKnownFileType = sourcecode.swift; path = FavoritesViewModel.swift; sourceTree = "<group>"; };
/* End PBXFileReference section */

/* Begin PBXFrameworksBuildPhase section */
		1624AED82B7D5E40003E4263 /* Frameworks */ = {
			isa = PBXFrameworksBuildPhase;
			buildActionMask = 2147483647;
			files = (
			);
			runOnlyForDeploymentPostprocessing = 0;
		};
/* End PBXFrameworksBuildPhase section */

/* Begin PBXGroup section */
		1624AED22B7D5E40003E4263 = {
			isa = PBXGroup;
			children = (
				1624AEDD2B7D5E40003E4263 /* MyBeer */,
				1624AEDC2B7D5E40003E4263 /* Products */,
			);
			sourceTree = "<group>";
		};
		1624AEDC2B7D5E40003E4263 /* Products */ = {
			isa = PBXGroup;
			children = (
				1624AEDB2B7D5E40003E4263 /* MyBeer.app */,
			);
			name = Products;
			sourceTree = "<group>";
		};
		1624AEDD2B7D5E40003E4263 /* MyBeer */ = {
			isa = PBXGroup;
			children = (
				1624AEF42B7D6B27003E4263 /* Info.plist */,
				1624AEEF2B7D614D003E4263 /* Model */,
				1624AEEC2B7D60BC003E4263 /* Views */,
				1624AEDE2B7D5E40003E4263 /* MyBeerApp.swift */,
				1624AEE02B7D5E40003E4263 /* ContentView.swift */,
				1624AEE22B7D5E41003E4263 /* Assets.xcassets */,
				1624AEE42B7D5E41003E4263 /* Preview Content */,
			);
			path = MyBeer;
			sourceTree = "<group>";
		};
		1624AEE42B7D5E41003E4263 /* Preview Content */ = {
			isa = PBXGroup;
			children = (
				1624AEE52B7D5E41003E4263 /* Preview Assets.xcassets */,
			);
			path = "Preview Content";
			sourceTree = "<group>";
		};
		1624AEEC2B7D60BC003E4263 /* Views */ = {
			isa = PBXGroup;
			children = (
				1624AEED2B7D60E1003E4263 /* BeerList.swift */,
				1624AEF52B7D78BB003E4263 /* BeerDetails.swift */,
				16A4C6FE2B7E4DF900DD2260 /* Favoritos.swift */,
				16A4C7002B7E4E0A00DD2260 /* Search.swift */,
			);
			path = Views;
			sourceTree = "<group>";
		};
		1624AEEF2B7D614D003E4263 /* Model */ = {
			isa = PBXGroup;
			children = (
				1624AEF02B7D6183003E4263 /* BeerModel.swift */,
				1624AEF22B7D670B003E4263 /* BeerCard.swift */,
				16A4C6FC2B7E4D8D00DD2260 /* Tab.swift */,
				16A4C7022B7E511200DD2260 /* FavoritesViewModel.swift */,
			);
			path = Model;
			sourceTree = "<group>";
		};
/* End PBXGroup section */

/* Begin PBXNativeTarget section */
		1624AEDA2B7D5E40003E4263 /* MyBeer */ = {
			isa = PBXNativeTarget;
			buildConfigurationList = 1624AEE92B7D5E41003E4263 /* Build configuration list for PBXNativeTarget "MyBeer" */;
			buildPhases = (
				1624AED72B7D5E40003E4263 /* Sources */,
				1624AED82B7D5E40003E4263 /* Frameworks */,
				1624AED92B7D5E40003E4263 /* Resources */,
			);
			buildRules = (
			);
			dependencies = (
			);
			name = MyBeer;
			productName = MyBeer;
			productReference = 1624AEDB2B7D5E40003E4263 /* MyBeer.app */;
			productType = "com.apple.product-type.application";
		};
/* End PBXNativeTarget section */

/* Begin PBXProject section */
		1624AED32B7D5E40003E4263 /* Project object */ = {
			isa = PBXProject;
			attributes = {
				BuildIndependentTargetsInParallel = 1;
				LastSwiftUpdateCheck = 1510;
				LastUpgradeCheck = 1510;
				TargetAttributes = {
					1624AEDA2B7D5E40003E4263 = {
						CreatedOnToolsVersion = 15.1;
					};
				};
			};
			buildConfigurationList = 1624AED62B7D5E40003E4263 /* Build configuration list for PBXProject "MyBeer" */;
			compatibilityVersion = "Xcode 14.0";
			developmentRegion = en;
			hasScannedForEncodings = 0;
			knownRegions = (
				en,
				Base,
			);
			mainGroup = 1624AED22B7D5E40003E4263;
			productRefGroup = 1624AEDC2B7D5E40003E4263 /* Products */;
			projectDirPath = "";
			projectRoot = "";
			targets = (
				1624AEDA2B7D5E40003E4263 /* MyBeer */,
			);
		};
/* End PBXProject section */

/* Begin PBXResourcesBuildPhase section */
		1624AED92B7D5E40003E4263 /* Resources */ = {
			isa = PBXResourcesBuildPhase;
			buildActionMask = 2147483647;
			files = (
				1624AEE62B7D5E41003E4263 /* Preview Assets.xcassets in Resources */,
				1624AEE32B7D5E41003E4263 /* Assets.xcassets in Resources */,
			);
			runOnlyForDeploymentPostprocessing = 0;
		};
/* End PBXResourcesBuildPhase section */

/* Begin PBXSourcesBuildPhase section */
		1624AED72B7D5E40003E4263 /* Sources */ = {
			isa = PBXSourcesBuildPhase;
			buildActionMask = 2147483647;
			files = (
				1624AEF32B7D670B003E4263 /* BeerCard.swift in Sources */,
				16A4C7032B7E511200DD2260 /* FavoritesViewModel.swift in Sources */,
				1624AEE12B7D5E40003E4263 /* ContentView.swift in Sources */,
				16A4C6FD2B7E4D8D00DD2260 /* Tab.swift in Sources */,
				16A4C6FF2B7E4DF900DD2260 /* Favoritos.swift in Sources */,
				1624AEDF2B7D5E40003E4263 /* MyBeerApp.swift in Sources */,
				1624AEEE2B7D60E1003E4263 /* BeerList.swift in Sources */,
				16A4C7012B7E4E0A00DD2260 /* Search.swift in Sources */,
				1624AEF12B7D6183003E4263 /* BeerModel.swift in Sources */,
				1624AEF62B7D78BB003E4263 /* BeerDetails.swift in Sources */,
			);
			runOnlyForDeploymentPostprocessing = 0;
		};
/* End PBXSourcesBuildPhase section */

/* Begin XCBuildConfiguration section */
		1624AEE72B7D5E41003E4263 /* Debug */ = {
			isa = XCBuildConfiguration;
			buildSettings = {
				ALWAYS_SEARCH_USER_PATHS = NO;
				ASSETCATALOG_COMPILER_GENERATE_SWIFT_ASSET_SYMBOL_EXTENSIONS = YES;
				CLANG_ANALYZER_NONNULL = YES;
				CLANG_ANALYZER_NUMBER_OBJECT_CONVERSION = YES_AGGRESSIVE;
				CLANG_CXX_LANGUAGE_STANDARD = "gnu++20";
				CLANG_ENABLE_MODULES = YES;
				CLANG_ENABLE_OBJC_ARC = YES;
				CLANG_ENABLE_OBJC_WEAK = YES;
				CLANG_WARN_BLOCK_CAPTURE_AUTORELEASING = YES;
				CLANG_WARN_BOOL_CONVERSION = YES;
				CLANG_WARN_COMMA = YES;
				CLANG_WARN_CONSTANT_CONVERSION = YES;
				CLANG_WARN_DEPRECATED_OBJC_IMPLEMENTATIONS = YES;
				CLANG_WARN_DIRECT_OBJC_ISA_USAGE = YES_ERROR;
				CLANG_WARN_DOCUMENTATION_COMMENTS = YES;
				CLANG_WARN_EMPTY_BODY = YES;
				CLANG_WARN_ENUM_CONVERSION = YES;
				CLANG_WARN_INFINITE_RECURSION = YES;
				CLANG_WARN_INT_CONVERSION = YES;
				CLANG_WARN_NON_LITERAL_NULL_CONVERSION = YES;
				CLANG_WARN_OBJC_IMPLICIT_RETAIN_SELF = YES;
				CLANG_WARN_OBJC_LITERAL_CONVERSION = YES;
				CLANG_WARN_OBJC_ROOT_CLASS = YES_ERROR;
				CLANG_WARN_QUOTED_INCLUDE_IN_FRAMEWORK_HEADER = YES;
				CLANG_WARN_RANGE_LOOP_ANALYSIS = YES;
				CLANG_WARN_STRICT_PROTOTYPES = YES;
				CLANG_WARN_SUSPICIOUS_MOVE = YES;
				CLANG_WARN_UNGUARDED_AVAILABILITY = YES_AGGRESSIVE;
				CLANG_WARN_UNREACHABLE_CODE = YES;
				CLANG_WARN__DUPLICATE_METHOD_MATCH = YES;
				COPY_PHASE_STRIP = NO;
				DEBUG_INFORMATION_FORMAT = dwarf;
				ENABLE_STRICT_OBJC_MSGSEND = YES;
				ENABLE_TESTABILITY = YES;
				ENABLE_USER_SCRIPT_SANDBOXING = YES;
				GCC_C_LANGUAGE_STANDARD = gnu17;
				GCC_DYNAMIC_NO_PIC = NO;
				GCC_NO_COMMON_BLOCKS = YES;
				GCC_OPTIMIZATION_LEVEL = 0;
				GCC_PREPROCESSOR_DEFINITIONS = (
					"DEBUG=1",
					"$(inherited)",
				);
				GCC_WARN_64_TO_32_BIT_CONVERSION = YES;
				GCC_WARN_ABOUT_RETURN_TYPE = YES_ERROR;
				GCC_WARN_UNDECLARED_SELECTOR = YES;
				GCC_WARN_UNINITIALIZED_AUTOS = YES_AGGRESSIVE;
				GCC_WARN_UNUSED_FUNCTION = YES;
				GCC_WARN_UNUSED_VARIABLE = YES;
				IPHONEOS_DEPLOYMENT_TARGET = 17.2;
				LOCALIZATION_PREFERS_STRING_CATALOGS = YES;
				MTL_ENABLE_DEBUG_INFO = INCLUDE_SOURCE;
				MTL_FAST_MATH = YES;
				ONLY_ACTIVE_ARCH = YES;
				SDKROOT = iphoneos;
				SWIFT_ACTIVE_COMPILATION_CONDITIONS = "DEBUG $(inherited)";
				SWIFT_OPTIMIZATION_LEVEL = "-Onone";
			};
			name = Debug;
		};
		1624AEE82B7D5E41003E4263 /* Release */ = {
			isa = XCBuildConfiguration;
			buildSettings = {
				ALWAYS_SEARCH_USER_PATHS = NO;
				ASSETCATALOG_COMPILER_GENERATE_SWIFT_ASSET_SYMBOL_EXTENSIONS = YES;
				CLANG_ANALYZER_NONNULL = YES;
				CLANG_ANALYZER_NUMBER_OBJECT_CONVERSION = YES_AGGRESSIVE;
				CLANG_CXX_LANGUAGE_STANDARD = "gnu++20";
				CLANG_ENABLE_MODULES = YES;
				CLANG_ENABLE_OBJC_ARC = YES;
				CLANG_ENABLE_OBJC_WEAK = YES;
				CLANG_WARN_BLOCK_CAPTURE_AUTORELEASING = YES;
				CLANG_WARN_BOOL_CONVERSION = YES;
				CLANG_WARN_COMMA = YES;
				CLANG_WARN_CONSTANT_CONVERSION = YES;
				CLANG_WARN_DEPRECATED_OBJC_IMPLEMENTATIONS = YES;
				CLANG_WARN_DIRECT_OBJC_ISA_USAGE = YES_ERROR;
				CLANG_WARN_DOCUMENTATION_COMMENTS = YES;
				CLANG_WARN_EMPTY_BODY = YES;
				CLANG_WARN_ENUM_CONVERSION = YES;
				CLANG_WARN_INFINITE_RECURSION = YES;
				CLANG_WARN_INT_CONVERSION = YES;
				CLANG_WARN_NON_LITERAL_NULL_CONVERSION = YES;
				CLANG_WARN_OBJC_IMPLICIT_RETAIN_SELF = YES;
				CLANG_WARN_OBJC_LITERAL_CONVERSION = YES;
				CLANG_WARN_OBJC_ROOT_CLASS = YES_ERROR;
				CLANG_WARN_QUOTED_INCLUDE_IN_FRAMEWORK_HEADER = YES;
				CLANG_WARN_RANGE_LOOP_ANALYSIS = YES;
				CLANG_WARN_STRICT_PROTOTYPES = YES;
				CLANG_WARN_SUSPICIOUS_MOVE = YES;
				CLANG_WARN_UNGUARDED_AVAILABILITY = YES_AGGRESSIVE;
				CLANG_WARN_UNREACHABLE_CODE = YES;
				CLANG_WARN__DUPLICATE_METHOD_MATCH = YES;
				COPY_PHASE_STRIP = NO;
				DEBUG_INFORMATION_FORMAT = "dwarf-with-dsym";
				ENABLE_NS_ASSERTIONS = NO;
				ENABLE_STRICT_OBJC_MSGSEND = YES;
				ENABLE_USER_SCRIPT_SANDBOXING = YES;
				GCC_C_LANGUAGE_STANDARD = gnu17;
				GCC_NO_COMMON_BLOCKS = YES;
				GCC_WARN_64_TO_32_BIT_CONVERSION = YES;
				GCC_WARN_ABOUT_RETURN_TYPE = YES_ERROR;
				GCC_WARN_UNDECLARED_SELECTOR = YES;
				GCC_WARN_UNINITIALIZED_AUTOS = YES_AGGRESSIVE;
				GCC_WARN_UNUSED_FUNCTION = YES;
				GCC_WARN_UNUSED_VARIABLE = YES;
				IPHONEOS_DEPLOYMENT_TARGET = 17.2;
				LOCALIZATION_PREFERS_STRING_CATALOGS = YES;
				MTL_ENABLE_DEBUG_INFO = NO;
				MTL_FAST_MATH = YES;
				SDKROOT = iphoneos;
				SWIFT_COMPILATION_MODE = wholemodule;
				VALIDATE_PRODUCT = YES;
			};
			name = Release;
		};
		1624AEEA2B7D5E41003E4263 /* Debug */ = {
			isa = XCBuildConfiguration;
			buildSettings = {
				ASSETCATALOG_COMPILER_APPICON_NAME = AppIcon;
				ASSETCATALOG_COMPILER_GLOBAL_ACCENT_COLOR_NAME = AccentColor;
				CODE_SIGN_STYLE = Automatic;
				CURRENT_PROJECT_VERSION = 1;
				DEVELOPMENT_ASSET_PATHS = "\"MyBeer/Preview Content\"";
				DEVELOPMENT_TEAM = X25GMKM57Z;
				ENABLE_PREVIEWS = YES;
				GENERATE_INFOPLIST_FILE = YES;
				INFOPLIST_FILE = MyBeer/Info.plist;
				INFOPLIST_KEY_UIApplicationSceneManifest_Generation = YES;
				INFOPLIST_KEY_UIApplicationSupportsIndirectInputEvents = YES;
				INFOPLIST_KEY_UILaunchScreen_Generation = YES;
				INFOPLIST_KEY_UISupportedInterfaceOrientations_iPad = "UIInterfaceOrientationPortrait UIInterfaceOrientationPortraitUpsideDown UIInterfaceOrientationLandscapeLeft UIInterfaceOrientationLandscapeRight";
				INFOPLIST_KEY_UISupportedInterfaceOrientations_iPhone = "UIInterfaceOrientationPortrait UIInterfaceOrientationLandscapeLeft UIInterfaceOrientationLandscapeRight";
				LD_RUNPATH_SEARCH_PATHS = (
					"$(inherited)",
					"@executable_path/Frameworks",
				);
				MARKETING_VERSION = 1.0;
				PRODUCT_BUNDLE_IDENTIFIER = com.brigido.MyBeer;
				PRODUCT_NAME = "$(TARGET_NAME)";
				SWIFT_EMIT_LOC_STRINGS = YES;
				SWIFT_VERSION = 5.0;
				TARGETED_DEVICE_FAMILY = "1,2";
			};
			name = Debug;
		};
		1624AEEB2B7D5E41003E4263 /* Release */ = {
			isa = XCBuildConfiguration;
			buildSettings = {
				ASSETCATALOG_COMPILER_APPICON_NAME = AppIcon;
				ASSETCATALOG_COMPILER_GLOBAL_ACCENT_COLOR_NAME = AccentColor;
				CODE_SIGN_STYLE = Automatic;
				CURRENT_PROJECT_VERSION = 1;
				DEVELOPMENT_ASSET_PATHS = "\"MyBeer/Preview Content\"";
				DEVELOPMENT_TEAM = X25GMKM57Z;
				ENABLE_PREVIEWS = YES;
				GENERATE_INFOPLIST_FILE = YES;
				INFOPLIST_FILE = MyBeer/Info.plist;
				INFOPLIST_KEY_UIApplicationSceneManifest_Generation = YES;
				INFOPLIST_KEY_UIApplicationSupportsIndirectInputEvents = YES;
				INFOPLIST_KEY_UILaunchScreen_Generation = YES;
				INFOPLIST_KEY_UISupportedInterfaceOrientations_iPad = "UIInterfaceOrientationPortrait UIInterfaceOrientationPortraitUpsideDown UIInterfaceOrientationLandscapeLeft UIInterfaceOrientationLandscapeRight";
				INFOPLIST_KEY_UISupportedInterfaceOrientations_iPhone = "UIInterfaceOrientationPortrait UIInterfaceOrientationLandscapeLeft UIInterfaceOrientationLandscapeRight";
				LD_RUNPATH_SEARCH_PATHS = (
					"$(inherited)",
					"@executable_path/Frameworks",
				);
				MARKETING_VERSION = 1.0;
				PRODUCT_BUNDLE_IDENTIFIER = com.brigido.MyBeer;
				PRODUCT_NAME = "$(TARGET_NAME)";
				SWIFT_EMIT_LOC_STRINGS = YES;
				SWIFT_VERSION = 5.0;
				TARGETED_DEVICE_FAMILY = "1,2";
			};
			name = Release;
		};
/* End XCBuildConfiguration section */

/* Begin XCConfigurationList section */
		1624AED62B7D5E40003E4263 /* Build configuration list for PBXProject "MyBeer" */ = {
			isa = XCConfigurationList;
			buildConfigurations = (
				1624AEE72B7D5E41003E4263 /* Debug */,
				1624AEE82B7D5E41003E4263 /* Release */,
			);
			defaultConfigurationIsVisible = 0;
			defaultConfigurationName = Release;
		};
		1624AEE92B7D5E41003E4263 /* Build configuration list for PBXNativeTarget "MyBeer" */ = {
			isa = XCConfigurationList;
			buildConfigurations = (
				1624AEEA2B7D5E41003E4263 /* Debug */,
				1624AEEB2B7D5E41003E4263 /* Release */,
			);
			defaultConfigurationIsVisible = 0;
			defaultConfigurationName = Release;
		};
/* End XCConfigurationList section */
	};
	rootObject = 1624AED32B7D5E40003E4263 /* Project object */;
}
